# This file is autogenerated, do not edit; changes may be undone by the next 'dep ensure'.


[[projects]]
  branch = "master"
  digest = "1:d6afaeed1502aa28e80a4ed0981d570ad91b2579193404256ce672ed0a609e0d"
  name = "github.com/beorn7/perks"
  packages = ["quantile"]
  pruneopts = "UT"
  revision = "3a771d992973f24aa725d07868b467d1ddfceafb"

[[projects]]
  digest = "1:0f98f59e9a2f4070d66f0c9c39561f68fcd1dc837b22a852d28d0003aebd1b1e"
  name = "github.com/boltdb/bolt"
  packages = ["."]
  pruneopts = "UT"
  revision = "2f1ce7a837dcb8da3ec595b1dac9d0632f0f99e8"
  version = "v1.3.1"

[[projects]]
  digest = "1:97df918963298c287643883209a2c3f642e6593379f97ab400c2a2e219ab647d"
  name = "github.com/golang/protobuf"
  packages = ["proto"]
  pruneopts = "UT"
  revision = "aa810b61a9c79d51363740d207bb46cf8e620ed5"
  version = "v1.2.0"

[[projects]]
  digest = "1:3a26588bc48b96825977c1b3df964f8fd842cd6860cc26370588d3563433cf11"
  name = "github.com/google/uuid"
  packages = ["."]
  pruneopts = "UT"
  revision = "d460ce9f8df2e77fb1ba55ca87fafed96c607494"
  version = "v1.0.0"

[[projects]]
  digest = "1:c79fb010be38a59d657c48c6ba1d003a8aa651fa56b579d959d74573b7dff8e1"
  name = "github.com/gorilla/context"
  packages = ["."]
  pruneopts = "UT"
  revision = "08b5f424b9271eedf6f9f0ce86cb9396ed337a42"
  version = "v1.1.1"

[[projects]]
  digest = "1:e73f5b0152105f18bc131fba127d9949305c8693f8a762588a82a48f61756f5f"
  name = "github.com/gorilla/mux"
  packages = ["."]
  pruneopts = "UT"
  revision = "e3702bed27f0d39777b0b37b664b6280e8ef8fbf"
  version = "v1.6.2"

[[projects]]
  digest = "1:ff5ebae34cfbf047d505ee150de27e60570e8c394b3b8fdbb720ff6ac71985fc"
  name = "github.com/matttproud/golang_protobuf_extensions"
  packages = ["pbutil"]
  pruneopts = "UT"
  revision = "c12348ce28de40eed0136aa2b644d0ee0650e56c"
  version = "v1.0.1"

[[projects]]
  digest = "1:e5d0bd87abc2781d14e274807a470acd180f0499f8bf5bb18606e9ec22ad9de9"
  name = "github.com/pborman/uuid"
  packages = ["."]
  pruneopts = "UT"
  revision = "adf5a7427709b9deb95d29d3fa8a2bf9cfd388f1"
  version = "v1.2"

[[projects]]
  digest = "1:d14a5f4bfecf017cb780bdde1b6483e5deb87e12c332544d2c430eda58734bcb"
  name = "github.com/prometheus/client_golang"
  packages = [
    "prometheus",
    "prometheus/promhttp",
  ]
  pruneopts = "UT"
  revision = "c5b7fccd204277076155f10851dad72b76a49317"
  version = "v0.8.0"

[[projects]]
  branch = "master"
  digest = "1:2d5cd61daa5565187e1d96bae64dbbc6080dacf741448e9629c64fd93203b0d4"
  name = "github.com/prometheus/client_model"
  packages = ["go"]
  pruneopts = "UT"
  revision = "5c3871d89910bfb32f5fcab2aa4b9ec68e65a99f"

[[projects]]
  branch = "master"
  digest = "1:63b68062b8968092eb86bedc4e68894bd096ea6b24920faca8b9dcf451f54bb5"
  name = "github.com/prometheus/common"
  packages = [
    "expfmt",
    "internal/bitbucket.org/ww/goautoneg",
    "model",
  ]
  pruneopts = "UT"
  revision = "c7de2306084e37d54b8be01f3541a8464345e9a5"

[[projects]]
  branch = "master"
  digest = "1:ef1dd9945e58ee9b635273d28c0ef3fa3742a7dedc038ebe207fd63e6ce000ef"
  name = "github.com/prometheus/procfs"
  packages = [
    ".",
    "internal/util",
    "nfs",
    "xfs",
  ]
  pruneopts = "UT"
  revision = "418d78d0b9a7b7de3a6bbc8a23def624cc977bb2"

[[projects]]
  branch = "master"
  digest = "1:dbfe572cc258e5bcf54cb650a06d90edd0da04e42ca1ed909cc1d49f00011c63"
  name = "github.com/robertkrimen/otto"
  packages = [
    ".",
    "ast",
    "dbg",
    "file",
    "parser",
    "registry",
    "token",
  ]
  pruneopts = "UT"
  revision = "15f95af6e78dcd2030d8195a138bd88d4f403546"

[[projects]]
  digest = "1:d867dfa6751c8d7a435821ad3b736310c2ed68945d05b50fb9d23aee0540c8cc"
  name = "github.com/sirupsen/logrus"
  packages = ["."]
  pruneopts = "UT"
  revision = "3e01752db0189b9157070a0e1668a620f9a85da2"
  version = "v1.0.6"

[[projects]]
  branch = "master"
  digest = "1:3f3a05ae0b95893d90b9b3b5afdb79a9b3d96e4e36e099d841ae602e4aca0da8"
  name = "golang.org/x/crypto"
  packages = ["ssh/terminal"]
  pruneopts = "UT"
  revision = "0709b304e793a5edb4a2c0145f281ecdc20838a4"

[[projects]]
  branch = "master"
  digest = "1:374fc90fcb026e9a367e3fad29e988e5dd944b68ca3f24a184d77abc5307dda4"
  name = "golang.org/x/sys"
  packages = [
    "unix",
    "windows",
  ]
  pruneopts = "UT"
  revision = "d0be0721c37eeb5299f245a996a483160fc36940"

[[projects]]
  digest = "1:9935525a8c49b8434a0b0a54e1980e94a6fae73aaff45c5d33ba8dff69de123e"
  name = "gopkg.in/sourcemap.v1"
  packages = [
    ".",
    "base64vlq",
  ]
  pruneopts = "UT"
  revision = "6e83acea0053641eff084973fee085f0c193c61a"
  version = "v1.0.5"

[solve-meta]
  analyzer-name = "dep"
  analyzer-version = 1
  input-imports = [
    "github.com/boltdb/bolt",
    "github.com/gorilla/mux",
    "github.com/pborman/uuid",
    "github.com/prometheus/client_golang/prometheus",
    "github.com/prometheus/client_golang/prometheus/promhttp",
    "github.com/robertkrimen/otto",
    "github.com/sirupsen/logrus",
  ]
  solver-name = "gps-cdcl"
  solver-version = 1
